
Microsoft Visual Studio Solution File, Format Version 12.00
# Visual Studio Version 17
VisualStudioVersion = 17.14.36202.13
MinimumVisualStudioVersion = 10.0.40219.1
Project("{FAE04EC0-301F-11D3-BF4B-00C04F79EFBC}") = "BzUI", "BzUI\BzUI\BzUI.csproj", "{5A988BC1-ED6F-4822-9F12-4AF8EA0580E7}"
EndProject
Project("{FAE04EC0-301F-11D3-BF4B-00C04F79EFBC}") = "Orchestrator", "Orchestrator\Orchestrator.csproj", "{02C3971A-D807-4D4A-BBDE-DA0602A9C383}"
EndProject
Project("{FAE04EC0-301F-11D3-BF4B-00C04F79EFBC}") = "OrleansServer", "OrleansServer\OrleansServer.csproj", "{19DF23A3-D0C6-4BD1-8B5C-ACE6228736FB}"
EndProject
Project("{FAE04EC0-301F-11D3-BF4B-00C04F79EFBC}") = "ServiceDefaults", "ServiceDefaults\ServiceDefaults.csproj", "{56DC6124-47FD-451D-9FDC-6172AC084696}"
EndProject
Project("{FAE04EC0-301F-11D3-BF4B-00C04F79EFBC}") = "OrleansContracts", "OrleansContracts\OrleansContracts.csproj", "{D6464F88-7352-484C-8393-94319C8BC35B}"
EndProject
Project("{FAE04EC0-301F-11D3-BF4B-00C04F79EFBC}") = "OrleansClient", "OrleansClient\OrleansClient.csproj", "{7E3D439F-43B3-4E6A-8AF7-A675657B3910}"
EndProject
Global
	GlobalSection(SolutionConfigurationPlatforms) = preSolution
		Debug|Any CPU = Debug|Any CPU
		Release|Any CPU = Release|Any CPU
	EndGlobalSection
	GlobalSection(ProjectConfigurationPlatforms) = postSolution
		{5A988BC1-ED6F-4822-9F12-4AF8EA0580E7}.Debug|Any CPU.ActiveCfg = Debug|Any CPU
		{5A988BC1-ED6F-4822-9F12-4AF8EA0580E7}.Debug|Any CPU.Build.0 = Debug|Any CPU
		{5A988BC1-ED6F-4822-9F12-4AF8EA0580E7}.Release|Any CPU.ActiveCfg = Release|Any CPU
		{5A988BC1-ED6F-4822-9F12-4AF8EA0580E7}.Release|Any CPU.Build.0 = Release|Any CPU
		{02C3971A-D807-4D4A-BBDE-DA0602A9C383}.Debug|Any CPU.ActiveCfg = Debug|Any CPU
		{02C3971A-D807-4D4A-BBDE-DA0602A9C383}.Debug|Any CPU.Build.0 = Debug|Any CPU
		{02C3971A-D807-4D4A-BBDE-DA0602A9C383}.Release|Any CPU.ActiveCfg = Release|Any CPU
		{02C3971A-D807-4D4A-BBDE-DA0602A9C383}.Release|Any CPU.Build.0 = Release|Any CPU
		{19DF23A3-D0C6-4BD1-8B5C-ACE6228736FB}.Debug|Any CPU.ActiveCfg = Debug|Any CPU
		{19DF23A3-D0C6-4BD1-8B5C-ACE6228736FB}.Debug|Any CPU.Build.0 = Debug|Any CPU
		{19DF23A3-D0C6-4BD1-8B5C-ACE6228736FB}.Release|Any CPU.ActiveCfg = Release|Any CPU
		{19DF23A3-D0C6-4BD1-8B5C-ACE6228736FB}.Release|Any CPU.Build.0 = Release|Any CPU
		{56DC6124-47FD-451D-9FDC-6172AC084696}.Debug|Any CPU.ActiveCfg = Debug|Any CPU
		{56DC6124-47FD-451D-9FDC-6172AC084696}.Debug|Any CPU.Build.0 = Debug|Any CPU
		{56DC6124-47FD-451D-9FDC-6172AC084696}.Release|Any CPU.ActiveCfg = Release|Any CPU
		{56DC6124-47FD-451D-9FDC-6172AC084696}.Release|Any CPU.Build.0 = Release|Any CPU
		{D6464F88-7352-484C-8393-94319C8BC35B}.Debug|Any CPU.ActiveCfg = Debug|Any CPU
		{D6464F88-7352-484C-8393-94319C8BC35B}.Debug|Any CPU.Build.0 = Debug|Any CPU
		{D6464F88-7352-484C-8393-94319C8BC35B}.Release|Any CPU.ActiveCfg = Release|Any CPU
		{D6464F88-7352-484C-8393-94319C8BC35B}.Release|Any CPU.Build.0 = Release|Any CPU
		{7E3D439F-43B3-4E6A-8AF7-A675657B3910}.Debug|Any CPU.ActiveCfg = Debug|Any CPU
		{7E3D439F-43B3-4E6A-8AF7-A675657B3910}.Debug|Any CPU.Build.0 = Debug|Any CPU
		{7E3D439F-43B3-4E6A-8AF7-A675657B3910}.Release|Any CPU.ActiveCfg = Release|Any CPU
		{7E3D439F-43B3-4E6A-8AF7-A675657B3910}.Release|Any CPU.Build.0 = Release|Any CPU
	EndGlobalSection
	GlobalSection(SolutionProperties) = preSolution
		HideSolutionNode = FALSE
	EndGlobalSection
	GlobalSection(ExtensibilityGlobals) = postSolution
		SolutionGuid = {F45A4960-370C-4857-9FB4-DE3790F28C3D}
	EndGlobalSection
EndGlobal
